// !$*UTF8*$!
{
	archiveVersion = 1;
	classes = {
	};
	objectVersion = 50;
	objects = {

/* Begin PBXBuildFile section */
		3941BBC42399778900748C11 /* CustomTableViewCell.swift in Sources */ = {isa = PBXBuildFile; fileRef = 3941BBC32399778900748C11 /* CustomTableViewCell.swift */; };
		394EFFDA2396DB6E00FECC31 /* AppDelegate.swift in Sources */ = {isa = PBXBuildFile; fileRef = 394EFFD92396DB6E00FECC31 /* AppDelegate.swift */; };
		394EFFDC2396DB6E00FECC31 /* SceneDelegate.swift in Sources */ = {isa = PBXBuildFile; fileRef = 394EFFDB2396DB6E00FECC31 /* SceneDelegate.swift */; };
		394EFFE12396DB6E00FECC31 /* Main.storyboard in Resources */ = {isa = PBXBuildFile; fileRef = 394EFFDF2396DB6E00FECC31 /* Main.storyboard */; };
		394EFFE32396DB6F00FECC31 /* Assets.xcassets in Resources */ = {isa = PBXBuildFile; fileRef = 394EFFE22396DB6F00FECC31 /* Assets.xcassets */; };
		394EFFE62396DB6F00FECC31 /* LaunchScreen.storyboard in Resources */ = {isa = PBXBuildFile; fileRef = 394EFFE42396DB6F00FECC31 /* LaunchScreen.storyboard */; };
		394EFFEE2396E06F00FECC31 /* RootController.swift in Sources */ = {isa = PBXBuildFile; fileRef = 394EFFED2396E06F00FECC31 /* RootController.swift */; };
/* End PBXBuildFile section */

/* Begin PBXFileReference section */
		3941BBC32399778900748C11 /* CustomTableViewCell.swift */ = {isa = PBXFileReference; lastKnownFileType = sourcecode.swift; name = CustomTableViewCell.swift; path = ../CustomTableViewCell.swift; sourceTree = "<group>"; };
		394EFFD62396DB6E00FECC31 /* FavoritePlace.app */ = {isa = PBXFileReference; explicitFileType = wrapper.application; includeInIndex = 0; path = FavoritePlace.app; sourceTree = BUILT_PRODUCTS_DIR; };
		394EFFD92396DB6E00FECC31 /* AppDelegate.swift */ = {isa = PBXFileReference; lastKnownFileType = sourcecode.swift; path = AppDelegate.swift; sourceTree = "<group>"; };
		394EFFDB2396DB6E00FECC31 /* SceneDelegate.swift */ = {isa = PBXFileReference; lastKnownFileType = sourcecode.swift; path = SceneDelegate.swift; sourceTree = "<group>"; };
		394EFFE02396DB6E00FECC31 /* Base */ = {isa = PBXFileReference; lastKnownFileType = file.storyboard; name = Base; path = Base.lproj/Main.storyboard; sourceTree = "<group>"; };
		394EFFE22396DB6F00FECC31 /* Assets.xcassets */ = {isa = PBXFileReference; lastKnownFileType = folder.assetcatalog; path = Assets.xcassets; sourceTree = "<group>"; };
		394EFFE52396DB6F00FECC31 /* Base */ = {isa = PBXFileReference; lastKnownFileType = file.storyboard; name = Base; path = Base.lproj/LaunchScreen.storyboard; sourceTree = "<group>"; };
		394EFFE72396DB6F00FECC31 /* Info.plist */ = {isa = PBXFileReference; lastKnownFileType = text.plist.xml; path = Info.plist; sourceTree = "<group>"; };
		394EFFED2396E06F00FECC31 /* RootController.swift */ = {isa = PBXFileReference; lastKnownFileType = sourcecode.swift; path = RootController.swift; sourceTree = "<group>"; };
/* End PBXFileReference section */

/* Begin PBXFrameworksBuildPhase section */
		394EFFD32396DB6E00FECC31 /* Frameworks */ = {
			isa = PBXFrameworksBuildPhase;
			buildActionMask = 2147483647;
			files = (
			);
			runOnlyForDeploymentPostprocessing = 0;
		};
/* End PBXFrameworksBuildPhase section */

/* Begin PBXGroup section */
		394EFFCD2396DB6E00FECC31 = {
			isa = PBXGroup;
			children = (
				394EFFD82396DB6E00FECC31 /* FavoritePlace */,
				394EFFD72396DB6E00FECC31 /* Products */,
			);
			sourceTree = "<group>";
		};
		394EFFD72396DB6E00FECC31 /* Products */ = {
			isa = PBXGroup;
			children = (
				394EFFD62396DB6E00FECC31 /* FavoritePlace.app */,
			);
			name = Products;
			sourceTree = "<group>";
		};
		394EFFD82396DB6E00FECC31 /* FavoritePlace */ = {
			isa = PBXGroup;
			children = (
				3941BBC32399778900748C11 /* CustomTableViewCell.swift */,
				394EFFED2396E06F00FECC31 /* RootController.swift */,
				394EFFD92396DB6E00FECC31 /* AppDelegate.swift */,
				394EFFDB2396DB6E00FECC31 /* SceneDelegate.swift */,
				394EFFDF2396DB6E00FECC31 /* Main.storyboard */,
				394EFFE22396DB6F00FECC31 /* Assets.xcassets */,
				394EFFE42396DB6F00FECC31 /* LaunchScreen.storyboard */,
				394EFFE72396DB6F00FECC31 /* Info.plist */,
			);
			path = FavoritePlace;
			sourceTree = "<group>";
		};
/* End PBXGroup section */

/* Begin PBXNativeTarget section */
		394EFFD52396DB6E00FECC31 /* FavoritePlace */ = {
			isa = PBXNativeTarget;
			buildConfigurationList = 394EFFEA2396DB6F00FECC31 /* Build configuration list for PBXNativeTarget "FavoritePlace" */;
			buildPhases = (
				394EFFD22396DB6E00FECC31 /* Sources */,
				394EFFD32396DB6E00FECC31 /* Frameworks */,
				394EFFD42396DB6E00FECC31 /* Resources */,
			);
			buildRules = (
			);
			dependencies = (
			);
			name = FavoritePlace;
			productName = FavoritePlace;
			productReference = 394EFFD62396DB6E00FECC31 /* FavoritePlace.app */;
			productType = "com.apple.product-type.application";
		};
/* End PBXNativeTarget section */

/* Begin PBXProject section */
		394EFFCE2396DB6E00FECC31 /* Project object */ = {
			isa = PBXProject;
			attributes = {
				LastSwiftUpdateCheck = 1110;
				LastUpgradeCheck = 1110;
				ORGANIZATIONNAME = inlineboss;
				TargetAttributes = {
					394EFFD52396DB6E00FECC31 = {
						CreatedOnToolsVersion = 11.1;
					};
				};
			};
			buildConfigurationList = 394EFFD12396DB6E00FECC31 /* Build configuration list for PBXProject "FavoritePlace" */;
			compatibilityVersion = "Xcode 9.3";
			developmentRegion = en;
			hasScannedForEncodings = 0;
			knownRegions = (
				en,
				Base,
			);
			mainGroup = 394EFFCD2396DB6E00FECC31;
			productRefGroup = 394EFFD72396DB6E00FECC31 /* Products */;
			projectDirPath = "";
			projectRoot = "";
			targets = (
				394EFFD52396DB6E00FECC31 /* FavoritePlace */,
			);
		};
/* End PBXProject section */

/* Begin PBXResourcesBuildPhase section */
		394EFFD42396DB6E00FECC31 /* Resources */ = {
			isa = PBXResourcesBuildPhase;
			buildActionMask = 2147483647;
			files = (
				394EFFE62396DB6F00FECC31 /* LaunchScreen.storyboard in Resources */,
				394EFFE32396DB6F00FECC31 /* Assets.xcassets in Resources */,
				394EFFE12396DB6E00FECC31 /* Main.storyboard in Resources */,
			);
			runOnlyForDeploymentPostprocessing = 0;
		};
/* End PBXResourcesBuildPhase section */

/* Begin PBXSourcesBuildPhase section */
		394EFFD22396DB6E00FECC31 /* Sources */ = {
			isa = PBXSourcesBuildPhase;
			buildActionMask = 2147483647;
			files = (
				394EFFEE2396E06F00FECC31 /* RootController.swift in Sources */,
				394EFFDA2396DB6E00FECC31 /* AppDelegate.swift in Sources */,
				3941BBC42399778900748C11 /* CustomTableViewCell.swift in Sources */,
				394EFFDC2396DB6E00FECC31 /* SceneDelegate.swift in Sources */,
			);
			runOnlyForDeploymentPostprocessing = 0;
		};
/* End PBXSourcesBuildPhase section */

/* Begin PBXVariantGroup section */
		394EFFDF2396DB6E00FECC31 /* Main.storyboard */ = {
			isa = PBXVariantGroup;
			children = (
				394EFFE02396DB6E00FECC31 /* Base */,
			);
			name = Main.storyboard;
			sourceTree = "<group>";
		};
		394EFFE42396DB6F00FECC31 /* LaunchScreen.storyboard */ = {
			isa = PBXVariantGroup;
			children = (
				394EFFE52396DB6F00FECC31 /* Base */,
			);
			name = LaunchScreen.storyboard;
			sourceTree = "<group>";
		};
/* End PBXVariantGroup section */

/* Begin XCBuildConfiguration section */
		394EFFE82396DB6F00FECC31 /* Debug */ = {
			isa = XCBuildConfiguration;
			buildSettings = {
				ALWAYS_SEARCH_USER_PATHS = NO;
				CLANG_ANALYZER_NONNULL = YES;
				CLANG_ANALYZER_NUMBER_OBJECT_CONVERSION = YES_AGGRESSIVE;
				CLANG_CXX_LANGUAGE_STANDARD = "gnu++14";
				CLANG_CXX_LIBRARY = "libc++";
				CLANG_ENABLE_MODULES = YES;
				CLANG_ENABLE_OBJC_ARC = YES;
				CLANG_ENABLE_OBJC_WEAK = YES;
				CLANG_WARN_BLOCK_CAPTURE_AUTORELEASING = YES;
				CLANG_WARN_BOOL_CONVERSION = YES;
				CLANG_WARN_COMMA = YES;
				CLANG_WARN_CONSTANT_CONVERSION = YES;
				CLANG_WARN_DEPRECATED_OBJC_IMPLEMENTATIONS = YES;
				CLANG_WARN_DIRECT_OBJC_ISA_USAGE = YES_ERROR;
				CLANG_WARN_DOCUMENTATION_COMMENTS = YES;
				CLANG_WARN_EMPTY_BODY = YES;
				CLANG_WARN_ENUM_CONVERSION = YES;
				CLANG_WARN_INFINITE_RECURSION = YES;
				CLANG_WARN_INT_CONVERSION = YES;
				CLANG_WARN_NON_LITERAL_NULL_CONVERSION = YES;
				CLANG_WARN_OBJC_IMPLICIT_RETAIN_SELF = YES;
				CLANG_WARN_OBJC_LITERAL_CONVERSION = YES;
				CLANG_WARN_OBJC_ROOT_CLASS = YES_ERROR;
				CLANG_WARN_RANGE_LOOP_ANALYSIS = YES;
				CLANG_WARN_STRICT_PROTOTYPES = YES;
				CLANG_WARN_SUSPICIOUS_MOVE = YES;
				CLANG_WARN_UNGUARDED_AVAILABILITY = YES_AGGRESSIVE;
				CLANG_WARN_UNREACHABLE_CODE = YES;
				CLANG_WARN__DUPLICATE_METHOD_MATCH = YES;
				COPY_PHASE_STRIP = NO;
				DEBUG_INFORMATION_FORMAT = dwarf;
				ENABLE_STRICT_OBJC_MSGSEND = YES;
				ENABLE_TESTABILITY = YES;
				GCC_C_LANGUAGE_STANDARD = gnu11;
				GCC_DYNAMIC_NO_PIC = NO;
				GCC_NO_COMMON_BLOCKS = YES;
				GCC_OPTIMIZATION_LEVEL = 0;
				GCC_PREPROCESSOR_DEFINITIONS = (
					"DEBUG=1",
					"$(inherited)",
				);
				GCC_WARN_64_TO_32_BIT_CONVERSION = YES;
				GCC_WARN_ABOUT_RETURN_TYPE = YES_ERROR;
				GCC_WARN_UNDECLARED_SELECTOR = YES;
				GCC_WARN_UNINITIALIZED_AUTOS = YES_AGGRESSIVE;
				GCC_WARN_UNUSED_FUNCTION = YES;
				GCC_WARN_UNUSED_VARIABLE = YES;
				IPHONEOS_DEPLOYMENT_TARGET = 13.1;
				MTL_ENABLE_DEBUG_INFO = INCLUDE_SOURCE;
				MTL_FAST_MATH = YES;
				ONLY_ACTIVE_ARCH = YES;
				SDKROOT = iphoneos;
				SWIFT_ACTIVE_COMPILATION_CONDITIONS = DEBUG;
				SWIFT_OPTIMIZATION_LEVEL = "-Onone";
			};
			name = Debug;
		};
		394EFFE92396DB6F00FECC31 /* Release */ = {
			isa = XCBuildConfiguration;
			buildSettings = {
				ALWAYS_SEARCH_USER_PATHS = NO;
				CLANG_ANALYZER_NONNULL = YES;
				CLANG_ANALYZER_NUMBER_OBJECT_CONVERSION = YES_AGGRESSIVE;
				CLANG_CXX_LANGUAGE_STANDARD = "gnu++14";
				CLANG_CXX_LIBRARY = "libc++";
				CLANG_ENABLE_MODULES = YES;
				CLANG_ENABLE_OBJC_ARC = YES;
				CLANG_ENABLE_OBJC_WEAK = YES;
				CLANG_WARN_BLOCK_CAPTURE_AUTORELEASING = YES;
				CLANG_WARN_BOOL_CONVERSION = YES;
				CLANG_WARN_COMMA = YES;
				CLANG_WARN_CONSTANT_CONVERSION = YES;
				CLANG_WARN_DEPRECATED_OBJC_IMPLEMENTATIONS = YES;
				CLANG_WARN_DIRECT_OBJC_ISA_USAGE = YES_ERROR;
				CLANG_WARN_DOCUMENTATION_COMMENTS = YES;
				CLANG_WARN_EMPTY_BODY = YES;
				CLANG_WARN_ENUM_CONVERSION = YES;
				CLANG_WARN_INFINITE_RECURSION = YES;
				CLANG_WARN_INT_CONVERSION = YES;
				CLANG_WARN_NON_LITERAL_NULL_CONVERSION = YES;
				CLANG_WARN_OBJC_IMPLICIT_RETAIN_SELF = YES;
				CLANG_WARN_OBJC_LITERAL_CONVERSION = YES;
				CLANG_WARN_OBJC_ROOT_CLASS = YES_ERROR;
				CLANG_WARN_RANGE_LOOP_ANALYSIS = YES;
				CLANG_WARN_STRICT_PROTOTYPES = YES;
				CLANG_WARN_SUSPICIOUS_MOVE = YES;
				CLANG_WARN_UNGUARDED_AVAILABILITY = YES_AGGRESSIVE;
				CLANG_WARN_UNREACHABLE_CODE = YES;
				CLANG_WARN__DUPLICATE_METHOD_MATCH = YES;
				COPY_PHASE_STRIP = NO;
				DEBUG_INFORMATION_FORMAT = "dwarf-with-dsym";
				ENABLE_NS_ASSERTIONS = NO;
				ENABLE_STRICT_OBJC_MSGSEND = YES;
				GCC_C_LANGUAGE_STANDARD = gnu11;
				GCC_NO_COMMON_BLOCKS = YES;
				GCC_WARN_64_TO_32_BIT_CONVERSION = YES;
				GCC_WARN_ABOUT_RETURN_TYPE = YES_ERROR;
				GCC_WARN_UNDECLARED_SELECTOR = YES;
				GCC_WARN_UNINITIALIZED_AUTOS = YES_AGGRESSIVE;
				GCC_WARN_UNUSED_FUNCTION = YES;
				GCC_WARN_UNUSED_VARIABLE = YES;
				IPHONEOS_DEPLOYMENT_TARGET = 13.1;
				MTL_ENABLE_DEBUG_INFO = NO;
				MTL_FAST_MATH = YES;
				SDKROOT = iphoneos;
				SWIFT_COMPILATION_MODE = wholemodule;
				SWIFT_OPTIMIZATION_LEVEL = "-O";
				VALIDATE_PRODUCT = YES;
			};
			name = Release;
		};
		394EFFEB2396DB6F00FECC31 /* Debug */ = {
			isa = XCBuildConfiguration;
			buildSettings = {
				ASSETCATALOG_COMPILER_APPICON_NAME = AppIcon;
				CODE_SIGN_STYLE = Automatic;
				INFOPLIST_FILE = FavoritePlace/Info.plist;
				LD_RUNPATH_SEARCH_PATHS = (
					"$(inherited)",
					"@executable_path/Frameworks",
				);
				PRODUCT_BUNDLE_IDENTIFIER = FP.FavoritePlace;
				PRODUCT_NAME = "$(TARGET_NAME)";
				SWIFT_VERSION = 5.0;
				TARGETED_DEVICE_FAMILY = 1;
			};
			name = Debug;
		};
		394EFFEC2396DB6F00FECC31 /* Release */ = {
			isa = XCBuildConfiguration;
			buildSettings = {
				ASSETCATALOG_COMPILER_APPICON_NAME = AppIcon;
				CODE_SIGN_STYLE = Automatic;
				INFOPLIST_FILE = FavoritePlace/Info.plist;
				LD_RUNPATH_SEARCH_PATHS = (
					"$(inherited)",
					"@executable_path/Frameworks",
				);
				PRODUCT_BUNDLE_IDENTIFIER = FP.FavoritePlace;
				PRODUCT_NAME = "$(TARGET_NAME)";
				SWIFT_VERSION = 5.0;
				TARGETED_DEVICE_FAMILY = 1;
			};
			name = Release;
		};
/* End XCBuildConfiguration section */

/* Begin XCConfigurationList section */
		394EFFD12396DB6E00FECC31 /* Build configuration list for PBXProject "FavoritePlace" */ = {
			isa = XCConfigurationList;
			buildConfigurations = (
				394EFFE82396DB6F00FECC31 /* Debug */,
				394EFFE92396DB6F00FECC31 /* Release */,
			);
			defaultConfigurationIsVisible = 0;
			defaultConfigurationName = Release;
		};
		394EFFEA2396DB6F00FECC31 /* Build configuration list for PBXNativeTarget "FavoritePlace" */ = {
			isa = XCConfigurationList;
			buildConfigurations = (
				394EFFEB2396DB6F00FECC31 /* Debug */,
				394EFFEC2396DB6F00FECC31 /* Release */,
			);
			defaultConfigurationIsVisible = 0;
			defaultConfigurationName = Release;
		};
/* End XCConfigurationList section */
	};
	rootObject = 394EFFCE2396DB6E00FECC31 /* Project object */;
}
